
Microsoft Visual Studio Solution File, Format Version 12.00
# Visual Studio Version 16
VisualStudioVersion = 16.0.29911.84
MinimumVisualStudioVersion = 10.0.40219.1
Project("{FAE04EC0-301F-11D3-BF4B-00C04F79EFBC}") = "Relief", "Relief.csproj", "{2268B343-EE39-49E0-B486-857F75660503}"
EndProject
Global
	GlobalSection(SolutionConfigurationPlatforms) = preSolution
		Debug|Any CPU = Debug|Any CPU
		Release|Any CPU = Release|Any CPU
	EndGlobalSection
	GlobalSection(ProjectConfigurationPlatforms) = postSolution
		{2268B343-EE39-49E0-B486-857F75660503}.Debug|Any CPU.ActiveCfg = Debug|Any CPU
		{2268B343-EE39-49E0-B486-857F75660503}.Debug|Any CPU.Build.0 = Debug|Any CPU
		{2268B343-EE39-49E0-B486-857F75660503}.Release|Any CPU.ActiveCfg = Release|Any CPU
		{2268B343-EE39-49E0-B486-857F75660503}.Release|Any CPU.Build.0 = Release|Any CPU
	EndGlobalSection
	GlobalSection(SolutionProperties) = preSolution
		HideSolutionNode = FALSE
	EndGlobalSection
	GlobalSection(ExtensibilityGlobals) = postSolution
		SolutionGuid = {7691E112-D1BC-4690-ACE9-25538A056ED3}
	EndGlobalSection
EndGlobal
